{
    "version": 3,
    "terraform_version": "0.10.7",
    "serial": 4,
    "lineage": "59004ea3-3553-4752-8f04-37bb09c821f9",
    "modules": [
        {
            "path": [
                "root"
            ],
            "outputs": {},
            "resources": {
                "aws_instance.tf-sample0": {
                    "type": "aws_instance",
                    "depends_on": [],
                    "primary": {
                        "id": "i-012ca71692393e150",
                        "attributes": {
                            "ami": "ami-04169656fea786776",
                            "arn": "arn:aws:ec2:us-east-1:714279499267:instance/i-012ca71692393e150",
                            "associate_public_ip_address": "true",
                            "availability_zone": "us-east-1d",
                            "cpu_core_count": "1",
                            "cpu_threads_per_core": "1",
                            "credit_specification.#": "1",
                            "credit_specification.0.cpu_credits": "standard",
                            "disable_api_termination": "false",
                            "ebs_block_device.#": "0",
                            "ebs_optimized": "false",
                            "ephemeral_block_device.#": "0",
                            "get_password_data": "false",
                            "iam_instance_profile": "",
                            "id": "i-012ca71692393e150",
                            "instance_state": "running",
                            "instance_type": "t2.nano",
                            "ipv6_addresses.#": "0",
                            "key_name": "alpha",
                            "monitoring": "false",
                            "network_interface.#": "0",
                            "network_interface_id": "eni-0f0e66b5307658698",
                            "password_data": "",
                            "placement_group": "",
                            "primary_network_interface_id": "eni-0f0e66b5307658698",
                            "private_dns": "ip-172-31-23-64.ec2.internal",
                            "private_ip": "172.31.23.64",
                            "public_dns": "ec2-54-157-236-134.compute-1.amazonaws.com",
                            "public_ip": "54.157.236.134",
                            "root_block_device.#": "1",
                            "root_block_device.0.delete_on_termination": "true",
                            "root_block_device.0.iops": "100",
                            "root_block_device.0.volume_id": "vol-063c138f843e814cc",
                            "root_block_device.0.volume_size": "8",
                            "root_block_device.0.volume_type": "gp2",
                            "security_groups.#": "1",
                            "security_groups.3814588639": "default",
                            "source_dest_check": "true",
                            "subnet_id": "subnet-80a7d0ca",
                            "tags.%": "0",
                            "tenancy": "default",
                            "volume_tags.%": "0",
                            "vpc_security_group_ids.#": "1",
                            "vpc_security_group_ids.814917860": "sg-26f0ad6d"
                        },
                        "meta": {
                            "e2bfb730-ecaa-11e6-8f88-34363bc7c4c0": {
                                "create": 600000000000,
                                "delete": 1200000000000,
                                "update": 600000000000
                            },
                            "schema_version": "1"
                        },
                        "tainted": false
                    },
                    "deposed": [],
                    "provider": ""
                }
            },
            "depends_on": []
        }
    ]
}
